
Microsoft Visual Studio Solution File, Format Version 12.00
# Visual Studio Version 17
VisualStudioVersion = 17.4.33110.190
MinimumVisualStudioVersion = 10.0.40219.1
Project("{2150E333-8FDC-42A3-9474-1A3956D46DE8}") = "01.Data Base Introduction", "01.Data Base Introduction", "{BB0439DF-1F79-4DCF-ACA2-3E63F4D8D599}"
EndProject
Project("{2150E333-8FDC-42A3-9474-1A3956D46DE8}") = "Exams", "Exams", "{E80CAB58-6C87-4048-B8BE-7596FCF36CC8}"
	ProjectSection(SolutionItems) = preProject
		02. Find All Information About Departments.sql = 02. Find All Information About Departments.sql
		04. Insert Records in Both Tables.sql = 04. Insert Records in Both Tables.sql
		07. Create Table People.sql = 07. Create Table People.sql
		08. Create Table Users.sql = 08. Create Table Users.sql
		13. Movies Database.sql = 13. Movies Database.sql
		14. Car Rental Database.sql = 14. Car Rental Database.sql
		15. Hotel Database.sql = 15. Hotel Database.sql
		19. Basic Select All Fields.sql = 19. Basic Select All Fields.sql
		20. Basic Select All Fields and Order Them.sql = 20. Basic Select All Fields and Order Them.sql
		21. Basic Select Some Fields.sql = 21. Basic Select Some Fields.sql
		22. Increase Employees Salary.sql = 22. Increase Employees Salary.sql
		23. Decrease Tax Rate.sql = 23. Decrease Tax Rate.sql
		24. Delete All Records.sql = 24. Delete All Records.sql
	EndProjectSection
EndProject
Project("{9A19103F-16F7-4668-BE54-9A1E7A4F7556}") = "Task 1", "Task 1\Task 1.csproj", "{D4A02692-C7B8-48FD-9814-109DECA1C754}"
EndProject
Project("{2150E333-8FDC-42A3-9474-1A3956D46DE8}") = "02.CRUD", "02.CRUD", "{C3DC4350-7C1E-4866-B5E4-08FF5A1DB954}"
EndProject
Project("{2150E333-8FDC-42A3-9474-1A3956D46DE8}") = "Exams", "Exams", "{E890FE5B-474D-4B16-B442-EA77CC960ACD}"
	ProjectSection(SolutionItems) = preProject
		02. Find All Information About Departments.sql = 02. Find All Information About Departments.sql
		03. Find all Department Names.sql = 03. Find all Department Names.sql
		04. Find Salary of Each Employee.sql = 04. Find Salary of Each Employee.sql
		05. Find Full Name of Each Employee.sql = 05. Find Full Name of Each Employee.sql
		06. Find Email Address of Each Employee.sql = 06. Find Email Address of Each Employee.sql
		07. Find All Different Employee’s Salaries.sql = 07. Find All Different Employee’s Salaries.sql
		08. Find all Information About Employees.sql = 08. Find all Information About Employees.sql
		09. Find Names of All Employees by Salary in Range.sql = 09. Find Names of All Employees by Salary in Range.sql
		10. Find Names of All Employees.sql = 10. Find Names of All Employees.sql
		11. Find All Employees Without Manager.sql = 11. Find All Employees Without Manager.sql
		12. Find All Employees with Salary More Than.sql = 12. Find All Employees with Salary More Than.sql
		13. Find 5 Best Paid Employees.sql = 13. Find 5 Best Paid Employees.sql
		14. Find All Employees Except Marketing.sql = 14. Find All Employees Except Marketing.sql
		15. Sort Employees Table.sql = 15. Sort Employees Table.sql
		16. Create View Employees with Salaries.sql = 16. Create View Employees with Salaries.sql
		17. Create View Employees with Job Titles.sql = 17. Create View Employees with Job Titles.sql
		18. Distinct Job Titles.sql = 18. Distinct Job Titles.sql
		19. Find First 10 Started Projects.sql = 19. Find First 10 Started Projects.sql
		20. Last 7 Hired Employees.sql = 20. Last 7 Hired Employees.sql
		21. Increase Salaries.sql = 21. Increase Salaries.sql
		22. All Mountain Peaks.sql = 22. All Mountain Peaks.sql
		23. Biggest Countries by Population.sql = 23. Biggest Countries by Population.sql
		24. Countries and Currency .sql = 24. Countries and Currency .sql
		25. All Diablo Characters.sql = 25. All Diablo Characters.sql
	EndProjectSection
EndProject
Project("{2150E333-8FDC-42A3-9474-1A3956D46DE8}") = "03.Table Relations", "03.Table Relations", "{C1272591-596B-4891-BF29-9F765450CE06}"
EndProject
Project("{2150E333-8FDC-42A3-9474-1A3956D46DE8}") = "Exams", "Exams", "{04D5F887-EB51-478A-87CF-911EEC25367F}"
	ProjectSection(SolutionItems) = preProject
		01. One-To-One Relationship.sql = 01. One-To-One Relationship.sql
		02. One-To-Many Relationship.sql = 02. One-To-Many Relationship.sql
		03. Many-To-Many Relationship.sql = 03. Many-To-Many Relationship.sql
		04. Self-Referencing.sql = 04. Self-Referencing.sql
		05. Online Store Database.sql = 05. Online Store Database.sql
		06. University Database.sql = 06. University Database.sql
		09. Peaks in Rila.sql = 09. Peaks in Rila.sql
	EndProjectSection
EndProject
Project("{2150E333-8FDC-42A3-9474-1A3956D46DE8}") = "04.Built-in Functions", "04.Built-in Functions", "{614763BD-ABC3-4364-89BA-45BE0C5B2DA7}"
	ProjectSection(SolutionItems) = preProject
		01. Find Names of All Employees by First Name.sql = 01. Find Names of All Employees by First Name.sql
		02. Find Names of All Employees by Last Name.sql = 02. Find Names of All Employees by Last Name.sql
		03. Find First Names of All Employess.sql = 03. Find First Names of All Employess.sql
		04. Find All Employees Except Engineers.sql = 04. Find All Employees Except Engineers.sql
		05. Find Towns with Name Length.sql = 05. Find Towns with Name Length.sql
		06. Find Towns Starting With.sql = 06. Find Towns Starting With.sql
		07. Find Towns Not Starting With.sql = 07. Find Towns Not Starting With.sql
		08. Create View Employees Hired After.sql = 08. Create View Employees Hired After.sql
		09. Length of Last Name.sql = 09. Length of Last Name.sql
		10. Rank Employees by Salary.sql = 10. Rank Employees by Salary.sql
		11. Find All Employees with Rank 2.sql = 11. Find All Employees with Rank 2.sql
		12. Countries Holding .sql = 12. Countries Holding .sql
		13. Mix of Peak and River Names.sql = 13. Mix of Peak and River Names.sql
		14. Games From 2011 and 2012 Year.sql = 14. Games From 2011 and 2012 Year.sql
		15. User Email Providers.sql = 15. User Email Providers.sql
		16. Get Users with IPAddress Like Pattern.sql = 16. Get Users with IPAddress Like Pattern.sql
		17. Show All Games with Duration.sql = 17. Show All Games with Duration.sql
		18. Orders Table.sql = 18. Orders Table.sql
	EndProjectSection
EndProject
Project("{2150E333-8FDC-42A3-9474-1A3956D46DE8}") = "05.Subqueries and Joins", "05.Subqueries and Joins", "{AE4A83DC-921C-49D6-883D-391305A0E954}"
	ProjectSection(SolutionItems) = preProject
		01. Employee Address.sql = 01. Employee Address.sql
		02. Addresses with Towns.sql = 02. Addresses with Towns.sql
		03. Sales Employees.sql = 03. Sales Employees.sql
		04. Employee Departments.sql = 04. Employee Departments.sql
		05. Employees Without Projects.sql = 05. Employees Without Projects.sql
		06. Employees Hired After.sql = 06. Employees Hired After.sql
		07. Employees With Project.sql = 07. Employees With Project.sql
		08. Employee 24.sql = 08. Employee 24.sql
		09. Employee Manager.sql = 09. Employee Manager.sql
		10. Employees Summary.sql = 10. Employees Summary.sql
		11. Min Average Salary.sql = 11. Min Average Salary.sql
		12. Highest Peaks in Bulgaria.sql = 12. Highest Peaks in Bulgaria.sql
		13. Count Mountain Ranges.sql = 13. Count Mountain Ranges.sql
		14. Countries With or Without Rivers.sql = 14. Countries With or Without Rivers.sql
		15. Continents and Currencies.sql = 15. Continents and Currencies.sql
		16. Countries Without any Mountains.sql = 16. Countries Without any Mountains.sql
		17. Highest Peak and Longest River by Country.sql = 17. Highest Peak and Longest River by Country.sql
		18. Highest Peak Name and Elevation by Country.sql = 18. Highest Peak Name and Elevation by Country.sql
	EndProjectSection
EndProject
Global
	GlobalSection(SolutionConfigurationPlatforms) = preSolution
		Debug|Any CPU = Debug|Any CPU
		Release|Any CPU = Release|Any CPU
	EndGlobalSection
	GlobalSection(ProjectConfigurationPlatforms) = postSolution
		{D4A02692-C7B8-48FD-9814-109DECA1C754}.Debug|Any CPU.ActiveCfg = Debug|Any CPU
		{D4A02692-C7B8-48FD-9814-109DECA1C754}.Debug|Any CPU.Build.0 = Debug|Any CPU
		{D4A02692-C7B8-48FD-9814-109DECA1C754}.Release|Any CPU.ActiveCfg = Release|Any CPU
		{D4A02692-C7B8-48FD-9814-109DECA1C754}.Release|Any CPU.Build.0 = Release|Any CPU
	EndGlobalSection
	GlobalSection(SolutionProperties) = preSolution
		HideSolutionNode = FALSE
	EndGlobalSection
	GlobalSection(NestedProjects) = preSolution
		{E80CAB58-6C87-4048-B8BE-7596FCF36CC8} = {BB0439DF-1F79-4DCF-ACA2-3E63F4D8D599}
		{D4A02692-C7B8-48FD-9814-109DECA1C754} = {E80CAB58-6C87-4048-B8BE-7596FCF36CC8}
		{E890FE5B-474D-4B16-B442-EA77CC960ACD} = {C3DC4350-7C1E-4866-B5E4-08FF5A1DB954}
		{04D5F887-EB51-478A-87CF-911EEC25367F} = {C1272591-596B-4891-BF29-9F765450CE06}
	EndGlobalSection
	GlobalSection(ExtensibilityGlobals) = postSolution
		SolutionGuid = {94093006-2B58-4947-845B-D013E13B873A}
	EndGlobalSection
EndGlobal
